// !$*UTF8*$!
{
	archiveVersion = 1;
	classes = {
	};
	objectVersion = 48;
	objects = {

/* Begin PBXBuildFile section */
		061E0D428B80425673826028 /* Pods_SwiftDemoUITests.framework in Frameworks */ = {isa = PBXBuildFile; fileRef = E373A32A297C53F87AF14F12 /* Pods_SwiftDemoUITests.framework */; };
		28C31430B987F8CCFAAC5BB7 /* Pods_SwiftDemo.framework in Frameworks */ = {isa = PBXBuildFile; fileRef = E2DA2E3C2C80B7619A3AEB4B /* Pods_SwiftDemo.framework */; };
		8B7AA1222106FCD00011C09C /* XTCCollectionListViewController.swift in Sources */ = {isa = PBXBuildFile; fileRef = 8B7AA1212106FCD00011C09C /* XTCCollectionListViewController.swift */; };
		8B7AA1242106FCEC0011C09C /* XTCDocumentListViewController.swift in Sources */ = {isa = PBXBuildFile; fileRef = 8B7AA1232106FCEC0011C09C /* XTCDocumentListViewController.swift */; };
		8B7AA1262106FD030011C09C /* XTCDownloadListViewController.swift in Sources */ = {isa = PBXBuildFile; fileRef = 8B7AA1252106FD030011C09C /* XTCDownloadListViewController.swift */; };
		8B7AA1292107041C0011C09C /* XTCAPI.swift in Sources */ = {isa = PBXBuildFile; fileRef = 8B7AA1282107041C0011C09C /* XTCAPI.swift */; };
		8B7AA12B21070AA60011C09C /* Global.swift in Sources */ = {isa = PBXBuildFile; fileRef = 8B7AA12A21070AA50011C09C /* Global.swift */; };
		8B7AA12F210720590011C09C /* XTCModel.swift in Sources */ = {isa = PBXBuildFile; fileRef = 8B7AA12E210720590011C09C /* XTCModel.swift */; };
		8B7AA131210720F80011C09C /* UIDeviceExtension.swift in Sources */ = {isa = PBXBuildFile; fileRef = 8B7AA130210720F80011C09C /* UIDeviceExtension.swift */; };
		8B9395E72105CA1200C7360D /* XTCSubscribeListViewController.swift in Sources */ = {isa = PBXBuildFile; fileRef = 8B9395E62105CA1200C7360D /* XTCSubscribeListViewController.swift */; };
		8B9395E92105CA3100C7360D /* XTCVIPListViewController.swift in Sources */ = {isa = PBXBuildFile; fileRef = 8B9395E82105CA3000C7360D /* XTCVIPListViewController.swift */; };
		8B9395EB2105CA4800C7360D /* XTCUpdateListViewController.swift in Sources */ = {isa = PBXBuildFile; fileRef = 8B9395EA2105CA4800C7360D /* XTCUpdateListViewController.swift */; };
		8B9395ED2105CA5A00C7360D /* XTCHomeViewController.swift in Sources */ = {isa = PBXBuildFile; fileRef = 8B9395EC2105CA5A00C7360D /* XTCHomeViewController.swift */; };
		8B9395EF2105CA6900C7360D /* XTCSpecialViewController.swift in Sources */ = {isa = PBXBuildFile; fileRef = 8B9395EE2105CA6900C7360D /* XTCSpecialViewController.swift */; };
		8B9395F12105CA8100C7360D /* XTCBoutiqueListViewController.swift in Sources */ = {isa = PBXBuildFile; fileRef = 8B9395F02105CA8100C7360D /* XTCBoutiqueListViewController.swift */; };
		8B9395F32105CA9C00C7360D /* XTCRankListViewController.swift in Sources */ = {isa = PBXBuildFile; fileRef = 8B9395F22105CA9C00C7360D /* XTCRankListViewController.swift */; };
		8B9395F52105CC4200C7360D /* XTCSearchViewController.swift in Sources */ = {isa = PBXBuildFile; fileRef = 8B9395F42105CC4200C7360D /* XTCSearchViewController.swift */; };
		8BA2A3BF210039B80059A533 /* AppDelegate.swift in Sources */ = {isa = PBXBuildFile; fileRef = 8BA2A3BE210039B80059A533 /* AppDelegate.swift */; };
		8BA2A3C1210039B80059A533 /* ViewController.swift in Sources */ = {isa = PBXBuildFile; fileRef = 8BA2A3C0210039B80059A533 /* ViewController.swift */; };
		8BA2A3C4210039B80059A533 /* Main.storyboard in Resources */ = {isa = PBXBuildFile; fileRef = 8BA2A3C2210039B80059A533 /* Main.storyboard */; };
		8BA2A3C6210039B80059A533 /* Assets.xcassets in Resources */ = {isa = PBXBuildFile; fileRef = 8BA2A3C5210039B80059A533 /* Assets.xcassets */; };
		8BA2A3C9210039B80059A533 /* LaunchScreen.storyboard in Resources */ = {isa = PBXBuildFile; fileRef = 8BA2A3C7210039B80059A533 /* LaunchScreen.storyboard */; };
		8BA2A3D4210039B90059A533 /* SwiftDemoTests.swift in Sources */ = {isa = PBXBuildFile; fileRef = 8BA2A3D3210039B90059A533 /* SwiftDemoTests.swift */; };
		8BA2A3DF210039B90059A533 /* SwiftDemoUITests.swift in Sources */ = {isa = PBXBuildFile; fileRef = 8BA2A3DE210039B90059A533 /* SwiftDemoUITests.swift */; };
		8BC289132112D73600E9F8DD /* XTCBaseCollectionViewCell.swift in Sources */ = {isa = PBXBuildFile; fileRef = 8BC289122112D73600E9F8DD /* XTCBaseCollectionViewCell.swift */; };
		8BC289172112D8D700E9F8DD /* XTCComicCollectionViewCell.swift in Sources */ = {isa = PBXBuildFile; fileRef = 8BC289162112D8D700E9F8DD /* XTCComicCollectionViewCell.swift */; };
		8BC289192112DC5C00E9F8DD /* XTCBoardCollectionViewCell.swift in Sources */ = {isa = PBXBuildFile; fileRef = 8BC289182112DC5C00E9F8DD /* XTCBoardCollectionViewCell.swift */; };
		8BC54A6C2101C81600E4FCBA /* XTCTabBarController.swift in Sources */ = {isa = PBXBuildFile; fileRef = 8BC54A6B2101C81600E4FCBA /* XTCTabBarController.swift */; };
		8BC54A702101C87E00E4FCBA /* XTCCateListViewController.swift in Sources */ = {isa = PBXBuildFile; fileRef = 8BC54A6F2101C87E00E4FCBA /* XTCCateListViewController.swift */; };
		8BC54A722101C8AA00E4FCBA /* XTCBookViewController.swift in Sources */ = {isa = PBXBuildFile; fileRef = 8BC54A712101C8AA00E4FCBA /* XTCBookViewController.swift */; };
		8BC54A742101C8C000E4FCBA /* XTCMineViewController.swift in Sources */ = {isa = PBXBuildFile; fileRef = 8BC54A732101C8C000E4FCBA /* XTCMineViewController.swift */; };
		8BC54A762101C9D600E4FCBA /* XTCBaseViewController.swift in Sources */ = {isa = PBXBuildFile; fileRef = 8BC54A752101C9D600E4FCBA /* XTCBaseViewController.swift */; };
		8BC54A782101CA0200E4FCBA /* XTCPageViewController.swift in Sources */ = {isa = PBXBuildFile; fileRef = 8BC54A772101CA0200E4FCBA /* XTCPageViewController.swift */; };
		8BC54A7A2101CE0300E4FCBA /* XTCNavigationController.swift in Sources */ = {isa = PBXBuildFile; fileRef = 8BC54A792101CE0300E4FCBA /* XTCNavigationController.swift */; };
		8BC54A7D2101D3D200E4FCBA /* UIColorExtension.swift in Sources */ = {isa = PBXBuildFile; fileRef = 8BC54A7C2101D3D200E4FCBA /* UIColorExtension.swift */; };
		8BC54A7F2101D7FE00E4FCBA /* UIBarButtonItemExtension.swift in Sources */ = {isa = PBXBuildFile; fileRef = 8BC54A7E2101D7FE00E4FCBA /* UIBarButtonItemExtension.swift */; };
		93F60DD55223B61C040997CE /* Pods_SwiftDemoTests.framework in Frameworks */ = {isa = PBXBuildFile; fileRef = 57AC6B205F1A110ED422622A /* Pods_SwiftDemoTests.framework */; };
/* End PBXBuildFile section */

/* Begin PBXContainerItemProxy section */
		8BA2A3D0210039B90059A533 /* PBXContainerItemProxy */ = {
			isa = PBXContainerItemProxy;
			containerPortal = 8BA2A3B3210039B80059A533 /* Project object */;
			proxyType = 1;
			remoteGlobalIDString = 8BA2A3BA210039B80059A533;
			remoteInfo = SwiftDemo;
		};
		8BA2A3DB210039B90059A533 /* PBXContainerItemProxy */ = {
			isa = PBXContainerItemProxy;
			containerPortal = 8BA2A3B3210039B80059A533 /* Project object */;
			proxyType = 1;
			remoteGlobalIDString = 8BA2A3BA210039B80059A533;
			remoteInfo = SwiftDemo;
		};
/* End PBXContainerItemProxy section */

/* Begin PBXFileReference section */
		06EEF48A2082AE68BE2A2E4A /* Pods-SwiftDemoUITests.debug.xcconfig */ = {isa = PBXFileReference; includeInIndex = 1; lastKnownFileType = text.xcconfig; name = "Pods-SwiftDemoUITests.debug.xcconfig"; path = "Pods/Target Support Files/Pods-SwiftDemoUITests/Pods-SwiftDemoUITests.debug.xcconfig"; sourceTree = "<group>"; };
		09318A5D9F905F91D3E49449 /* Pods-SwiftDemoUITests.release.xcconfig */ = {isa = PBXFileReference; includeInIndex = 1; lastKnownFileType = text.xcconfig; name = "Pods-SwiftDemoUITests.release.xcconfig"; path = "Pods/Target Support Files/Pods-SwiftDemoUITests/Pods-SwiftDemoUITests.release.xcconfig"; sourceTree = "<group>"; };
		0DAFB12E68057B1AB9DF74D5 /* Pods-SwiftDemoTests.release.xcconfig */ = {isa = PBXFileReference; includeInIndex = 1; lastKnownFileType = text.xcconfig; name = "Pods-SwiftDemoTests.release.xcconfig"; path = "Pods/Target Support Files/Pods-SwiftDemoTests/Pods-SwiftDemoTests.release.xcconfig"; sourceTree = "<group>"; };
		4A022B25DF4A3963D6628C6D /* Pods-SwiftDemo.debug.xcconfig */ = {isa = PBXFileReference; includeInIndex = 1; lastKnownFileType = text.xcconfig; name = "Pods-SwiftDemo.debug.xcconfig"; path = "Pods/Target Support Files/Pods-SwiftDemo/Pods-SwiftDemo.debug.xcconfig"; sourceTree = "<group>"; };
		57AC6B205F1A110ED422622A /* Pods_SwiftDemoTests.framework */ = {isa = PBXFileReference; explicitFileType = wrapper.framework; includeInIndex = 0; path = Pods_SwiftDemoTests.framework; sourceTree = BUILT_PRODUCTS_DIR; };
		81F6DFD368BC0176906C30F5 /* Pods-SwiftDemo.release.xcconfig */ = {isa = PBXFileReference; includeInIndex = 1; lastKnownFileType = text.xcconfig; name = "Pods-SwiftDemo.release.xcconfig"; path = "Pods/Target Support Files/Pods-SwiftDemo/Pods-SwiftDemo.release.xcconfig"; sourceTree = "<group>"; };
		89233CAC69CB7C9A8B2D9804 /* Pods-SwiftDemoTests.debug.xcconfig */ = {isa = PBXFileReference; includeInIndex = 1; lastKnownFileType = text.xcconfig; name = "Pods-SwiftDemoTests.debug.xcconfig"; path = "Pods/Target Support Files/Pods-SwiftDemoTests/Pods-SwiftDemoTests.debug.xcconfig"; sourceTree = "<group>"; };
		8B7AA1212106FCD00011C09C /* XTCCollectionListViewController.swift */ = {isa = PBXFileReference; lastKnownFileType = sourcecode.swift; path = XTCCollectionListViewController.swift; sourceTree = "<group>"; };
		8B7AA1232106FCEC0011C09C /* XTCDocumentListViewController.swift */ = {isa = PBXFileReference; lastKnownFileType = sourcecode.swift; path = XTCDocumentListViewController.swift; sourceTree = "<group>"; };
		8B7AA1252106FD030011C09C /* XTCDownloadListViewController.swift */ = {isa = PBXFileReference; lastKnownFileType = sourcecode.swift; path = XTCDownloadListViewController.swift; sourceTree = "<group>"; };
		8B7AA1282107041C0011C09C /* XTCAPI.swift */ = {isa = PBXFileReference; lastKnownFileType = sourcecode.swift; path = XTCAPI.swift; sourceTree = "<group>"; };
		8B7AA12A21070AA50011C09C /* Global.swift */ = {isa = PBXFileReference; fileEncoding = 4; lastKnownFileType = sourcecode.swift; path = Global.swift; sourceTree = "<group>"; };
		8B7AA12E210720590011C09C /* XTCModel.swift */ = {isa = PBXFileReference; lastKnownFileType = sourcecode.swift; path = XTCModel.swift; sourceTree = "<group>"; };
		8B7AA130210720F80011C09C /* UIDeviceExtension.swift */ = {isa = PBXFileReference; fileEncoding = 4; lastKnownFileType = sourcecode.swift; path = UIDeviceExtension.swift; sourceTree = "<group>"; };
		8B9395E62105CA1200C7360D /* XTCSubscribeListViewController.swift */ = {isa = PBXFileReference; lastKnownFileType = sourcecode.swift; path = XTCSubscribeListViewController.swift; sourceTree = "<group>"; };
		8B9395E82105CA3000C7360D /* XTCVIPListViewController.swift */ = {isa = PBXFileReference; lastKnownFileType = sourcecode.swift; path = XTCVIPListViewController.swift; sourceTree = "<group>"; };
		8B9395EA2105CA4800C7360D /* XTCUpdateListViewController.swift */ = {isa = PBXFileReference; lastKnownFileType = sourcecode.swift; path = XTCUpdateListViewController.swift; sourceTree = "<group>"; };
		8B9395EC2105CA5A00C7360D /* XTCHomeViewController.swift */ = {isa = PBXFileReference; lastKnownFileType = sourcecode.swift; path = XTCHomeViewController.swift; sourceTree = "<group>"; };
		8B9395EE2105CA6900C7360D /* XTCSpecialViewController.swift */ = {isa = PBXFileReference; lastKnownFileType = sourcecode.swift; path = XTCSpecialViewController.swift; sourceTree = "<group>"; };
		8B9395F02105CA8100C7360D /* XTCBoutiqueListViewController.swift */ = {isa = PBXFileReference; lastKnownFileType = sourcecode.swift; path = XTCBoutiqueListViewController.swift; sourceTree = "<group>"; };
		8B9395F22105CA9C00C7360D /* XTCRankListViewController.swift */ = {isa = PBXFileReference; lastKnownFileType = sourcecode.swift; path = XTCRankListViewController.swift; sourceTree = "<group>"; };
		8B9395F42105CC4200C7360D /* XTCSearchViewController.swift */ = {isa = PBXFileReference; lastKnownFileType = sourcecode.swift; path = XTCSearchViewController.swift; sourceTree = "<group>"; };
		8BA2A3BB210039B80059A533 /* SwiftDemo.app */ = {isa = PBXFileReference; explicitFileType = wrapper.application; includeInIndex = 0; path = SwiftDemo.app; sourceTree = BUILT_PRODUCTS_DIR; };
		8BA2A3BE210039B80059A533 /* AppDelegate.swift */ = {isa = PBXFileReference; lastKnownFileType = sourcecode.swift; path = AppDelegate.swift; sourceTree = "<group>"; };
		8BA2A3C0210039B80059A533 /* ViewController.swift */ = {isa = PBXFileReference; lastKnownFileType = sourcecode.swift; path = ViewController.swift; sourceTree = "<group>"; };
		8BA2A3C3210039B80059A533 /* Base */ = {isa = PBXFileReference; lastKnownFileType = file.storyboard; name = Base; path = Base.lproj/Main.storyboard; sourceTree = "<group>"; };
		8BA2A3C5210039B80059A533 /* Assets.xcassets */ = {isa = PBXFileReference; lastKnownFileType = folder.assetcatalog; path = Assets.xcassets; sourceTree = "<group>"; };
		8BA2A3C8210039B80059A533 /* Base */ = {isa = PBXFileReference; lastKnownFileType = file.storyboard; name = Base; path = Base.lproj/LaunchScreen.storyboard; sourceTree = "<group>"; };
		8BA2A3CA210039B80059A533 /* Info.plist */ = {isa = PBXFileReference; lastKnownFileType = text.plist.xml; path = Info.plist; sourceTree = "<group>"; };
		8BA2A3CF210039B90059A533 /* SwiftDemoTests.xctest */ = {isa = PBXFileReference; explicitFileType = wrapper.cfbundle; includeInIndex = 0; path = SwiftDemoTests.xctest; sourceTree = BUILT_PRODUCTS_DIR; };
		8BA2A3D3210039B90059A533 /* SwiftDemoTests.swift */ = {isa = PBXFileReference; lastKnownFileType = sourcecode.swift; path = SwiftDemoTests.swift; sourceTree = "<group>"; };
		8BA2A3D5210039B90059A533 /* Info.plist */ = {isa = PBXFileReference; lastKnownFileType = text.plist.xml; path = Info.plist; sourceTree = "<group>"; };
		8BA2A3DA210039B90059A533 /* SwiftDemoUITests.xctest */ = {isa = PBXFileReference; explicitFileType = wrapper.cfbundle; includeInIndex = 0; path = SwiftDemoUITests.xctest; sourceTree = BUILT_PRODUCTS_DIR; };
		8BA2A3DE210039B90059A533 /* SwiftDemoUITests.swift */ = {isa = PBXFileReference; lastKnownFileType = sourcecode.swift; path = SwiftDemoUITests.swift; sourceTree = "<group>"; };
		8BA2A3E0210039B90059A533 /* Info.plist */ = {isa = PBXFileReference; lastKnownFileType = text.plist.xml; path = Info.plist; sourceTree = "<group>"; };
		8BC289122112D73600E9F8DD /* XTCBaseCollectionViewCell.swift */ = {isa = PBXFileReference; lastKnownFileType = sourcecode.swift; path = XTCBaseCollectionViewCell.swift; sourceTree = "<group>"; };
		8BC289162112D8D700E9F8DD /* XTCComicCollectionViewCell.swift */ = {isa = PBXFileReference; lastKnownFileType = sourcecode.swift; path = XTCComicCollectionViewCell.swift; sourceTree = "<group>"; };
		8BC289182112DC5C00E9F8DD /* XTCBoardCollectionViewCell.swift */ = {isa = PBXFileReference; lastKnownFileType = sourcecode.swift; path = XTCBoardCollectionViewCell.swift; sourceTree = "<group>"; };
		8BC54A6B2101C81600E4FCBA /* XTCTabBarController.swift */ = {isa = PBXFileReference; lastKnownFileType = sourcecode.swift; path = XTCTabBarController.swift; sourceTree = "<group>"; };
		8BC54A6F2101C87E00E4FCBA /* XTCCateListViewController.swift */ = {isa = PBXFileReference; lastKnownFileType = sourcecode.swift; path = XTCCateListViewController.swift; sourceTree = "<group>"; };
		8BC54A712101C8AA00E4FCBA /* XTCBookViewController.swift */ = {isa = PBXFileReference; lastKnownFileType = sourcecode.swift; path = XTCBookViewController.swift; sourceTree = "<group>"; };
		8BC54A732101C8C000E4FCBA /* XTCMineViewController.swift */ = {isa = PBXFileReference; lastKnownFileType = sourcecode.swift; path = XTCMineViewController.swift; sourceTree = "<group>"; };
		8BC54A752101C9D600E4FCBA /* XTCBaseViewController.swift */ = {isa = PBXFileReference; lastKnownFileType = sourcecode.swift; path = XTCBaseViewController.swift; sourceTree = "<group>"; };
		8BC54A772101CA0200E4FCBA /* XTCPageViewController.swift */ = {isa = PBXFileReference; lastKnownFileType = sourcecode.swift; path = XTCPageViewController.swift; sourceTree = "<group>"; };
		8BC54A792101CE0300E4FCBA /* XTCNavigationController.swift */ = {isa = PBXFileReference; lastKnownFileType = sourcecode.swift; path = XTCNavigationController.swift; sourceTree = "<group>"; };
		8BC54A7C2101D3D200E4FCBA /* UIColorExtension.swift */ = {isa = PBXFileReference; fileEncoding = 4; lastKnownFileType = sourcecode.swift; path = UIColorExtension.swift; sourceTree = "<group>"; };
		8BC54A7E2101D7FE00E4FCBA /* UIBarButtonItemExtension.swift */ = {isa = PBXFileReference; fileEncoding = 4; lastKnownFileType = sourcecode.swift; path = UIBarButtonItemExtension.swift; sourceTree = "<group>"; };
		E2DA2E3C2C80B7619A3AEB4B /* Pods_SwiftDemo.framework */ = {isa = PBXFileReference; explicitFileType = wrapper.framework; includeInIndex = 0; path = Pods_SwiftDemo.framework; sourceTree = BUILT_PRODUCTS_DIR; };
		E373A32A297C53F87AF14F12 /* Pods_SwiftDemoUITests.framework */ = {isa = PBXFileReference; explicitFileType = wrapper.framework; includeInIndex = 0; path = Pods_SwiftDemoUITests.framework; sourceTree = BUILT_PRODUCTS_DIR; };
/* End PBXFileReference section */

/* Begin PBXFrameworksBuildPhase section */
		8BA2A3B8210039B80059A533 /* Frameworks */ = {
			isa = PBXFrameworksBuildPhase;
			buildActionMask = 2147483647;
			files = (
				28C31430B987F8CCFAAC5BB7 /* Pods_SwiftDemo.framework in Frameworks */,
			);
			runOnlyForDeploymentPostprocessing = 0;
		};
		8BA2A3CC210039B90059A533 /* Frameworks */ = {
			isa = PBXFrameworksBuildPhase;
			buildActionMask = 2147483647;
			files = (
				93F60DD55223B61C040997CE /* Pods_SwiftDemoTests.framework in Frameworks */,
			);
			runOnlyForDeploymentPostprocessing = 0;
		};
		8BA2A3D7210039B90059A533 /* Frameworks */ = {
			isa = PBXFrameworksBuildPhase;
			buildActionMask = 2147483647;
			files = (
				061E0D428B80425673826028 /* Pods_SwiftDemoUITests.framework in Frameworks */,
			);
			runOnlyForDeploymentPostprocessing = 0;
		};
/* End PBXFrameworksBuildPhase section */

/* Begin PBXGroup section */
		1E1AB6CF2DEC7999DFF08B11 /* Frameworks */ = {
			isa = PBXGroup;
			children = (
				E2DA2E3C2C80B7619A3AEB4B /* Pods_SwiftDemo.framework */,
				57AC6B205F1A110ED422622A /* Pods_SwiftDemoTests.framework */,
				E373A32A297C53F87AF14F12 /* Pods_SwiftDemoUITests.framework */,
			);
			name = Frameworks;
			sourceTree = "<group>";
		};
		4AB46F41C85C360397FD7C57 /* Pods */ = {
			isa = PBXGroup;
			children = (
				4A022B25DF4A3963D6628C6D /* Pods-SwiftDemo.debug.xcconfig */,
				81F6DFD368BC0176906C30F5 /* Pods-SwiftDemo.release.xcconfig */,
				89233CAC69CB7C9A8B2D9804 /* Pods-SwiftDemoTests.debug.xcconfig */,
				0DAFB12E68057B1AB9DF74D5 /* Pods-SwiftDemoTests.release.xcconfig */,
				06EEF48A2082AE68BE2A2E4A /* Pods-SwiftDemoUITests.debug.xcconfig */,
				09318A5D9F905F91D3E49449 /* Pods-SwiftDemoUITests.release.xcconfig */,
			);
			name = Pods;
			sourceTree = "<group>";
		};
		8B7AA11A2106FAC40011C09C /* Book */ = {
			isa = PBXGroup;
			children = (
				8BC54A712101C8AA00E4FCBA /* XTCBookViewController.swift */,
				8B7AA1212106FCD00011C09C /* XTCCollectionListViewController.swift */,
				8B7AA1232106FCEC0011C09C /* XTCDocumentListViewController.swift */,
				8B7AA1252106FD030011C09C /* XTCDownloadListViewController.swift */,
			);
			path = Book;
			sourceTree = "<group>";
		};
		8B7AA11B2106FADF0011C09C /* Mine */ = {
			isa = PBXGroup;
			children = (
				8BC54A732101C8C000E4FCBA /* XTCMineViewController.swift */,
			);
			path = Mine;
			sourceTree = "<group>";
		};
		8B7AA11D2106FB020011C09C /* Cate */ = {
			isa = PBXGroup;
			children = (
				8BC54A6F2101C87E00E4FCBA /* XTCCateListViewController.swift */,
			);
			path = Cate;
			sourceTree = "<group>";
		};
		8B7AA11E2106FB060011C09C /* Comic */ = {
			isa = PBXGroup;
			children = (
			);
			path = Comic;
			sourceTree = "<group>";
		};
		8B7AA11F2106FB0D0011C09C /* Home */ = {
			isa = PBXGroup;
			children = (
				8BC289142112D89200E9F8DD /* View */,
				8BC289152112D89A00E9F8DD /* Controller */,
			);
			path = Home;
			sourceTree = "<group>";
		};
		8B7AA1202106FB580011C09C /* Search */ = {
			isa = PBXGroup;
			children = (
				8B9395F42105CC4200C7360D /* XTCSearchViewController.swift */,
			);
			path = Search;
			sourceTree = "<group>";
		};
		8B7AA127210703D90011C09C /* NetWorkAPI */ = {
			isa = PBXGroup;
			children = (
				8B7AA1282107041C0011C09C /* XTCAPI.swift */,
				8B7AA12E210720590011C09C /* XTCModel.swift */,
			);
			path = NetWorkAPI;
			sourceTree = "<group>";
		};
		8BA2A3B2210039B80059A533 = {
			isa = PBXGroup;
			children = (
				8BA2A3BD210039B80059A533 /* SwiftDemo */,
				8BA2A3D2210039B90059A533 /* SwiftDemoTests */,
				8BA2A3DD210039B90059A533 /* SwiftDemoUITests */,
				8BA2A3BC210039B80059A533 /* Products */,
				4AB46F41C85C360397FD7C57 /* Pods */,
				1E1AB6CF2DEC7999DFF08B11 /* Frameworks */,
			);
			sourceTree = "<group>";
		};
		8BA2A3BC210039B80059A533 /* Products */ = {
			isa = PBXGroup;
			children = (
				8BA2A3BB210039B80059A533 /* SwiftDemo.app */,
				8BA2A3CF210039B90059A533 /* SwiftDemoTests.xctest */,
				8BA2A3DA210039B90059A533 /* SwiftDemoUITests.xctest */,
			);
			name = Products;
			sourceTree = "<group>";
		};
		8BA2A3BD210039B80059A533 /* SwiftDemo */ = {
			isa = PBXGroup;
			children = (
				8BA2A3BE210039B80059A533 /* AppDelegate.swift */,
				8BA2A3C0210039B80059A533 /* ViewController.swift */,
				8B7AA12A21070AA50011C09C /* Global.swift */,
				8B7AA127210703D90011C09C /* NetWorkAPI */,
				8BC54A7B2101D3B500E4FCBA /* Extension */,
				8BA2A3EC21005F210059A533 /* Base */,
				8B7AA11E2106FB060011C09C /* Comic */,
				8B7AA11F2106FB0D0011C09C /* Home */,
				8B7AA11D2106FB020011C09C /* Cate */,
				8B7AA11A2106FAC40011C09C /* Book */,
				8B7AA11B2106FADF0011C09C /* Mine */,
				8B7AA1202106FB580011C09C /* Search */,
				8BA2A3C2210039B80059A533 /* Main.storyboard */,
				8BA2A3C5210039B80059A533 /* Assets.xcassets */,
				8BA2A3C7210039B80059A533 /* LaunchScreen.storyboard */,
				8BA2A3CA210039B80059A533 /* Info.plist */,
			);
			path = SwiftDemo;
			sourceTree = "<group>";
		};
		8BA2A3D2210039B90059A533 /* SwiftDemoTests */ = {
			isa = PBXGroup;
			children = (
				8BA2A3D3210039B90059A533 /* SwiftDemoTests.swift */,
				8BA2A3D5210039B90059A533 /* Info.plist */,
			);
			path = SwiftDemoTests;
			sourceTree = "<group>";
		};
		8BA2A3DD210039B90059A533 /* SwiftDemoUITests */ = {
			isa = PBXGroup;
			children = (
				8BA2A3DE210039B90059A533 /* SwiftDemoUITests.swift */,
				8BA2A3E0210039B90059A533 /* Info.plist */,
			);
			path = SwiftDemoUITests;
			sourceTree = "<group>";
		};
		8BA2A3EC21005F210059A533 /* Base */ = {
			isa = PBXGroup;
			children = (
				8BC54A6B2101C81600E4FCBA /* XTCTabBarController.swift */,
				8BC54A792101CE0300E4FCBA /* XTCNavigationController.swift */,
				8BC54A752101C9D600E4FCBA /* XTCBaseViewController.swift */,
				8BC54A772101CA0200E4FCBA /* XTCPageViewController.swift */,
				8BC289122112D73600E9F8DD /* XTCBaseCollectionViewCell.swift */,
			);
			path = Base;
			sourceTree = "<group>";
		};
		8BC289142112D89200E9F8DD /* View */ = {
			isa = PBXGroup;
			children = (
				8BC289162112D8D700E9F8DD /* XTCComicCollectionViewCell.swift */,
				8BC289182112DC5C00E9F8DD /* XTCBoardCollectionViewCell.swift */,
			);
			path = View;
			sourceTree = "<group>";
		};
		8BC289152112D89A00E9F8DD /* Controller */ = {
			isa = PBXGroup;
			children = (
				8B9395EC2105CA5A00C7360D /* XTCHomeViewController.swift */,
				8B9395E62105CA1200C7360D /* XTCSubscribeListViewController.swift */,
				8B9395E82105CA3000C7360D /* XTCVIPListViewController.swift */,
				8B9395EA2105CA4800C7360D /* XTCUpdateListViewController.swift */,
				8B9395EE2105CA6900C7360D /* XTCSpecialViewController.swift */,
				8B9395F02105CA8100C7360D /* XTCBoutiqueListViewController.swift */,
				8B9395F22105CA9C00C7360D /* XTCRankListViewController.swift */,
			);
			path = Controller;
			sourceTree = "<group>";
		};
		8BC54A7B2101D3B500E4FCBA /* Extension */ = {
			isa = PBXGroup;
			children = (
				8B7AA130210720F80011C09C /* UIDeviceExtension.swift */,
				8BC54A7C2101D3D200E4FCBA /* UIColorExtension.swift */,
				8BC54A7E2101D7FE00E4FCBA /* UIBarButtonItemExtension.swift */,
			);
			path = Extension;
			sourceTree = "<group>";
		};
/* End PBXGroup section */

/* Begin PBXNativeTarget section */
		8BA2A3BA210039B80059A533 /* SwiftDemo */ = {
			isa = PBXNativeTarget;
			buildConfigurationList = 8BA2A3E3210039B90059A533 /* Build configuration list for PBXNativeTarget "SwiftDemo" */;
			buildPhases = (
				0B466BF16EE4AF0D9E4C9215 /* [CP] Check Pods Manifest.lock */,
				8BA2A3B7210039B80059A533 /* Sources */,
				8BA2A3B8210039B80059A533 /* Frameworks */,
				8BA2A3B9210039B80059A533 /* Resources */,
				62DF246FA30310E274C42B2D /* [CP] Embed Pods Frameworks */,
			);
			buildRules = (
			);
			dependencies = (
			);
			name = SwiftDemo;
			productName = SwiftDemo;
			productReference = 8BA2A3BB210039B80059A533 /* SwiftDemo.app */;
			productType = "com.apple.product-type.application";
		};
		8BA2A3CE210039B90059A533 /* SwiftDemoTests */ = {
			isa = PBXNativeTarget;
			buildConfigurationList = 8BA2A3E6210039B90059A533 /* Build configuration list for PBXNativeTarget "SwiftDemoTests" */;
			buildPhases = (
				7ACF6606D7F4909E855B01A0 /* [CP] Check Pods Manifest.lock */,
				8BA2A3CB210039B90059A533 /* Sources */,
				8BA2A3CC210039B90059A533 /* Frameworks */,
				8BA2A3CD210039B90059A533 /* Resources */,
			);
			buildRules = (
			);
			dependencies = (
				8BA2A3D1210039B90059A533 /* PBXTargetDependency */,
			);
			name = SwiftDemoTests;
			productName = SwiftDemoTests;
			productReference = 8BA2A3CF210039B90059A533 /* SwiftDemoTests.xctest */;
			productType = "com.apple.product-type.bundle.unit-test";
		};
		8BA2A3D9210039B90059A533 /* SwiftDemoUITests */ = {
			isa = PBXNativeTarget;
			buildConfigurationList = 8BA2A3E9210039B90059A533 /* Build configuration list for PBXNativeTarget "SwiftDemoUITests" */;
			buildPhases = (
				A334669C8EA5BF5AC0E3CC29 /* [CP] Check Pods Manifest.lock */,
				8BA2A3D6210039B90059A533 /* Sources */,
				8BA2A3D7210039B90059A533 /* Frameworks */,
				8BA2A3D8210039B90059A533 /* Resources */,
			);
			buildRules = (
			);
			dependencies = (
				8BA2A3DC210039B90059A533 /* PBXTargetDependency */,
			);
			name = SwiftDemoUITests;
			productName = SwiftDemoUITests;
			productReference = 8BA2A3DA210039B90059A533 /* SwiftDemoUITests.xctest */;
			productType = "com.apple.product-type.bundle.ui-testing";
		};
/* End PBXNativeTarget section */

/* Begin PBXProject section */
		8BA2A3B3210039B80059A533 /* Project object */ = {
			isa = PBXProject;
			attributes = {
				LastSwiftUpdateCheck = 0920;
				LastUpgradeCheck = 0920;
				ORGANIZATIONNAME = zxd;
				TargetAttributes = {
					8BA2A3BA210039B80059A533 = {
						CreatedOnToolsVersion = 9.2;
						ProvisioningStyle = Automatic;
					};
					8BA2A3CE210039B90059A533 = {
						CreatedOnToolsVersion = 9.2;
						ProvisioningStyle = Automatic;
						TestTargetID = 8BA2A3BA210039B80059A533;
					};
					8BA2A3D9210039B90059A533 = {
						CreatedOnToolsVersion = 9.2;
						ProvisioningStyle = Automatic;
						TestTargetID = 8BA2A3BA210039B80059A533;
					};
				};
			};
			buildConfigurationList = 8BA2A3B6210039B80059A533 /* Build configuration list for PBXProject "SwiftDemo" */;
			compatibilityVersion = "Xcode 8.0";
			developmentRegion = en;
			hasScannedForEncodings = 0;
			knownRegions = (
				en,
				Base,
			);
			mainGroup = 8BA2A3B2210039B80059A533;
			productRefGroup = 8BA2A3BC210039B80059A533 /* Products */;
			projectDirPath = "";
			projectRoot = "";
			targets = (
				8BA2A3BA210039B80059A533 /* SwiftDemo */,
				8BA2A3CE210039B90059A533 /* SwiftDemoTests */,
				8BA2A3D9210039B90059A533 /* SwiftDemoUITests */,
			);
		};
/* End PBXProject section */

/* Begin PBXResourcesBuildPhase section */
		8BA2A3B9210039B80059A533 /* Resources */ = {
			isa = PBXResourcesBuildPhase;
			buildActionMask = 2147483647;
			files = (
				8BA2A3C9210039B80059A533 /* LaunchScreen.storyboard in Resources */,
				8BA2A3C6210039B80059A533 /* Assets.xcassets in Resources */,
				8BA2A3C4210039B80059A533 /* Main.storyboard in Resources */,
			);
			runOnlyForDeploymentPostprocessing = 0;
		};
		8BA2A3CD210039B90059A533 /* Resources */ = {
			isa = PBXResourcesBuildPhase;
			buildActionMask = 2147483647;
			files = (
			);
			runOnlyForDeploymentPostprocessing = 0;
		};
		8BA2A3D8210039B90059A533 /* Resources */ = {
			isa = PBXResourcesBuildPhase;
			buildActionMask = 2147483647;
			files = (
			);
			runOnlyForDeploymentPostprocessing = 0;
		};
/* End PBXResourcesBuildPhase section */

/* Begin PBXShellScriptBuildPhase section */
		0B466BF16EE4AF0D9E4C9215 /* [CP] Check Pods Manifest.lock */ = {
			isa = PBXShellScriptBuildPhase;
			buildActionMask = 2147483647;
			files = (
			);
			inputPaths = (
				"${PODS_PODFILE_DIR_PATH}/Podfile.lock",
				"${PODS_ROOT}/Manifest.lock",
			);
			name = "[CP] Check Pods Manifest.lock";
			outputPaths = (
				"$(DERIVED_FILE_DIR)/Pods-SwiftDemo-checkManifestLockResult.txt",
			);
			runOnlyForDeploymentPostprocessing = 0;
			shellPath = /bin/sh;
			shellScript = "diff \"${PODS_PODFILE_DIR_PATH}/Podfile.lock\" \"${PODS_ROOT}/Manifest.lock\" > /dev/null\nif [ $? != 0 ] ; then\n    # print error to STDERR\n    echo \"error: The sandbox is not in sync with the Podfile.lock. Run 'pod install' or update your CocoaPods installation.\" >&2\n    exit 1\nfi\n# This output is used by Xcode 'outputs' to avoid re-running this script phase.\necho \"SUCCESS\" > \"${SCRIPT_OUTPUT_FILE_0}\"\n";
			showEnvVarsInLog = 0;
		};
		62DF246FA30310E274C42B2D /* [CP] Embed Pods Frameworks */ = {
			isa = PBXShellScriptBuildPhase;
			buildActionMask = 2147483647;
			files = (
			);
			inputPaths = (
				"${SRCROOT}/Pods/Target Support Files/Pods-SwiftDemo/Pods-SwiftDemo-frameworks.sh",
				"${BUILT_PRODUCTS_DIR}/Alamofire/Alamofire.framework",
				"${BUILT_PRODUCTS_DIR}/EmptyDataSet-Swift/EmptyDataSet_Swift.framework",
				"${BUILT_PRODUCTS_DIR}/HMSegmentedControl/HMSegmentedControl.framework",
				"${BUILT_PRODUCTS_DIR}/HandyJSON/HandyJSON.framework",
				"${BUILT_PRODUCTS_DIR}/IQKeyboardManagerSwift/IQKeyboardManagerSwift.framework",
				"${BUILT_PRODUCTS_DIR}/Kingfisher/Kingfisher.framework",
				"${BUILT_PRODUCTS_DIR}/LLCycleScrollView/LLCycleScrollView.framework",
				"${BUILT_PRODUCTS_DIR}/MBProgressHUD/MBProgressHUD.framework",
				"${BUILT_PRODUCTS_DIR}/MJRefresh/MJRefresh.framework",
				"${BUILT_PRODUCTS_DIR}/Moya/Moya.framework",
				"${BUILT_PRODUCTS_DIR}/Result/Result.framework",
				"${BUILT_PRODUCTS_DIR}/Reusable/Reusable.framework",
				"${BUILT_PRODUCTS_DIR}/SnapKit/SnapKit.framework",
				"${BUILT_PRODUCTS_DIR}/Then/Then.framework",
			);
			name = "[CP] Embed Pods Frameworks";
			outputPaths = (
				"${TARGET_BUILD_DIR}/${FRAMEWORKS_FOLDER_PATH}/Alamofire.framework",
				"${TARGET_BUILD_DIR}/${FRAMEWORKS_FOLDER_PATH}/EmptyDataSet_Swift.framework",
				"${TARGET_BUILD_DIR}/${FRAMEWORKS_FOLDER_PATH}/HMSegmentedControl.framework",
				"${TARGET_BUILD_DIR}/${FRAMEWORKS_FOLDER_PATH}/HandyJSON.framework",
				"${TARGET_BUILD_DIR}/${FRAMEWORKS_FOLDER_PATH}/IQKeyboardManagerSwift.framework",
				"${TARGET_BUILD_DIR}/${FRAMEWORKS_FOLDER_PATH}/Kingfisher.framework",
				"${TARGET_BUILD_DIR}/${FRAMEWORKS_FOLDER_PATH}/LLCycleScrollView.framework",
				"${TARGET_BUILD_DIR}/${FRAMEWORKS_FOLDER_PATH}/MBProgressHUD.framework",
				"${TARGET_BUILD_DIR}/${FRAMEWORKS_FOLDER_PATH}/MJRefresh.framework",
				"${TARGET_BUILD_DIR}/${FRAMEWORKS_FOLDER_PATH}/Moya.framework",
				"${TARGET_BUILD_DIR}/${FRAMEWORKS_FOLDER_PATH}/Result.framework",
				"${TARGET_BUILD_DIR}/${FRAMEWORKS_FOLDER_PATH}/Reusable.framework",
				"${TARGET_BUILD_DIR}/${FRAMEWORKS_FOLDER_PATH}/SnapKit.framework",
				"${TARGET_BUILD_DIR}/${FRAMEWORKS_FOLDER_PATH}/Then.framework",
			);
			runOnlyForDeploymentPostprocessing = 0;
			shellPath = /bin/sh;
			shellScript = "\"${SRCROOT}/Pods/Target Support Files/Pods-SwiftDemo/Pods-SwiftDemo-frameworks.sh\"\n";
			showEnvVarsInLog = 0;
		};
		7ACF6606D7F4909E855B01A0 /* [CP] Check Pods Manifest.lock */ = {
			isa = PBXShellScriptBuildPhase;
			buildActionMask = 2147483647;
			files = (
			);
			inputPaths = (
				"${PODS_PODFILE_DIR_PATH}/Podfile.lock",
				"${PODS_ROOT}/Manifest.lock",
			);
			name = "[CP] Check Pods Manifest.lock";
			outputPaths = (
				"$(DERIVED_FILE_DIR)/Pods-SwiftDemoTests-checkManifestLockResult.txt",
			);
			runOnlyForDeploymentPostprocessing = 0;
			shellPath = /bin/sh;
			shellScript = "diff \"${PODS_PODFILE_DIR_PATH}/Podfile.lock\" \"${PODS_ROOT}/Manifest.lock\" > /dev/null\nif [ $? != 0 ] ; then\n    # print error to STDERR\n    echo \"error: The sandbox is not in sync with the Podfile.lock. Run 'pod install' or update your CocoaPods installation.\" >&2\n    exit 1\nfi\n# This output is used by Xcode 'outputs' to avoid re-running this script phase.\necho \"SUCCESS\" > \"${SCRIPT_OUTPUT_FILE_0}\"\n";
			showEnvVarsInLog = 0;
		};
		A334669C8EA5BF5AC0E3CC29 /* [CP] Check Pods Manifest.lock */ = {
			isa = PBXShellScriptBuildPhase;
			buildActionMask = 2147483647;
			files = (
			);
			inputPaths = (
				"${PODS_PODFILE_DIR_PATH}/Podfile.lock",
				"${PODS_ROOT}/Manifest.lock",
			);
			name = "[CP] Check Pods Manifest.lock";
			outputPaths = (
				"$(DERIVED_FILE_DIR)/Pods-SwiftDemoUITests-checkManifestLockResult.txt",
			);
			runOnlyForDeploymentPostprocessing = 0;
			shellPath = /bin/sh;
			shellScript = "diff \"${PODS_PODFILE_DIR_PATH}/Podfile.lock\" \"${PODS_ROOT}/Manifest.lock\" > /dev/null\nif [ $? != 0 ] ; then\n    # print error to STDERR\n    echo \"error: The sandbox is not in sync with the Podfile.lock. Run 'pod install' or update your CocoaPods installation.\" >&2\n    exit 1\nfi\n# This output is used by Xcode 'outputs' to avoid re-running this script phase.\necho \"SUCCESS\" > \"${SCRIPT_OUTPUT_FILE_0}\"\n";
			showEnvVarsInLog = 0;
		};
/* End PBXShellScriptBuildPhase section */

/* Begin PBXSourcesBuildPhase section */
		8BA2A3B7210039B80059A533 /* Sources */ = {
			isa = PBXSourcesBuildPhase;
			buildActionMask = 2147483647;
			files = (
				8BC289172112D8D700E9F8DD /* XTCComicCollectionViewCell.swift in Sources */,
				8BC54A702101C87E00E4FCBA /* XTCCateListViewController.swift in Sources */,
				8B7AA131210720F80011C09C /* UIDeviceExtension.swift in Sources */,
				8BC54A782101CA0200E4FCBA /* XTCPageViewController.swift in Sources */,
				8BC54A722101C8AA00E4FCBA /* XTCBookViewController.swift in Sources */,
				8B7AA1242106FCEC0011C09C /* XTCDocumentListViewController.swift in Sources */,
				8B9395F32105CA9C00C7360D /* XTCRankListViewController.swift in Sources */,
				8BC289192112DC5C00E9F8DD /* XTCBoardCollectionViewCell.swift in Sources */,
				8B9395E72105CA1200C7360D /* XTCSubscribeListViewController.swift in Sources */,
				8B7AA1262106FD030011C09C /* XTCDownloadListViewController.swift in Sources */,
				8BA2A3C1210039B80059A533 /* ViewController.swift in Sources */,
				8B7AA12B21070AA60011C09C /* Global.swift in Sources */,
				8B7AA12F210720590011C09C /* XTCModel.swift in Sources */,
				8B9395F12105CA8100C7360D /* XTCBoutiqueListViewController.swift in Sources */,
				8B9395F52105CC4200C7360D /* XTCSearchViewController.swift in Sources */,
				8BC289132112D73600E9F8DD /* XTCBaseCollectionViewCell.swift in Sources */,
				8B9395EB2105CA4800C7360D /* XTCUpdateListViewController.swift in Sources */,
				8BC54A742101C8C000E4FCBA /* XTCMineViewController.swift in Sources */,
				8BA2A3BF210039B80059A533 /* AppDelegate.swift in Sources */,
				8BC54A6C2101C81600E4FCBA /* XTCTabBarController.swift in Sources */,
				8BC54A7F2101D7FE00E4FCBA /* UIBarButtonItemExtension.swift in Sources */,
				8BC54A7D2101D3D200E4FCBA /* UIColorExtension.swift in Sources */,
				8B9395EF2105CA6900C7360D /* XTCSpecialViewController.swift in Sources */,
				8BC54A762101C9D600E4FCBA /* XTCBaseViewController.swift in Sources */,
				8B9395ED2105CA5A00C7360D /* XTCHomeViewController.swift in Sources */,
				8B9395E92105CA3100C7360D /* XTCVIPListViewController.swift in Sources */,
				8B7AA1222106FCD00011C09C /* XTCCollectionListViewController.swift in Sources */,
				8BC54A7A2101CE0300E4FCBA /* XTCNavigationController.swift in Sources */,
				8B7AA1292107041C0011C09C /* XTCAPI.swift in Sources */,
			);
			runOnlyForDeploymentPostprocessing = 0;
		};
		8BA2A3CB210039B90059A533 /* Sources */ = {
			isa = PBXSourcesBuildPhase;
			buildActionMask = 2147483647;
			files = (
				8BA2A3D4210039B90059A533 /* SwiftDemoTests.swift in Sources */,
			);
			runOnlyForDeploymentPostprocessing = 0;
		};
		8BA2A3D6210039B90059A533 /* Sources */ = {
			isa = PBXSourcesBuildPhase;
			buildActionMask = 2147483647;
			files = (
				8BA2A3DF210039B90059A533 /* SwiftDemoUITests.swift in Sources */,
			);
			runOnlyForDeploymentPostprocessing = 0;
		};
/* End PBXSourcesBuildPhase section */

/* Begin PBXTargetDependency section */
		8BA2A3D1210039B90059A533 /* PBXTargetDependency */ = {
			isa = PBXTargetDependency;
			target = 8BA2A3BA210039B80059A533 /* SwiftDemo */;
			targetProxy = 8BA2A3D0210039B90059A533 /* PBXContainerItemProxy */;
		};
		8BA2A3DC210039B90059A533 /* PBXTargetDependency */ = {
			isa = PBXTargetDependency;
			target = 8BA2A3BA210039B80059A533 /* SwiftDemo */;
			targetProxy = 8BA2A3DB210039B90059A533 /* PBXContainerItemProxy */;
		};
/* End PBXTargetDependency section */

/* Begin PBXVariantGroup section */
		8BA2A3C2210039B80059A533 /* Main.storyboard */ = {
			isa = PBXVariantGroup;
			children = (
				8BA2A3C3210039B80059A533 /* Base */,
			);
			name = Main.storyboard;
			sourceTree = "<group>";
		};
		8BA2A3C7210039B80059A533 /* LaunchScreen.storyboard */ = {
			isa = PBXVariantGroup;
			children = (
				8BA2A3C8210039B80059A533 /* Base */,
			);
			name = LaunchScreen.storyboard;
			sourceTree = "<group>";
		};
/* End PBXVariantGroup section */

/* Begin XCBuildConfiguration section */
		8BA2A3E1210039B90059A533 /* Debug */ = {
			isa = XCBuildConfiguration;
			buildSettings = {
				ALWAYS_SEARCH_USER_PATHS = NO;
				CLANG_ANALYZER_NONNULL = YES;
				CLANG_ANALYZER_NUMBER_OBJECT_CONVERSION = YES_AGGRESSIVE;
				CLANG_CXX_LANGUAGE_STANDARD = "gnu++14";
				CLANG_CXX_LIBRARY = "libc++";
				CLANG_ENABLE_MODULES = YES;
				CLANG_ENABLE_OBJC_ARC = YES;
				CLANG_WARN_BLOCK_CAPTURE_AUTORELEASING = YES;
				CLANG_WARN_BOOL_CONVERSION = YES;
				CLANG_WARN_COMMA = YES;
				CLANG_WARN_CONSTANT_CONVERSION = YES;
				CLANG_WARN_DIRECT_OBJC_ISA_USAGE = YES_ERROR;
				CLANG_WARN_DOCUMENTATION_COMMENTS = YES;
				CLANG_WARN_EMPTY_BODY = YES;
				CLANG_WARN_ENUM_CONVERSION = YES;
				CLANG_WARN_INFINITE_RECURSION = YES;
				CLANG_WARN_INT_CONVERSION = YES;
				CLANG_WARN_NON_LITERAL_NULL_CONVERSION = YES;
				CLANG_WARN_OBJC_LITERAL_CONVERSION = YES;
				CLANG_WARN_OBJC_ROOT_CLASS = YES_ERROR;
				CLANG_WARN_RANGE_LOOP_ANALYSIS = YES;
				CLANG_WARN_STRICT_PROTOTYPES = YES;
				CLANG_WARN_SUSPICIOUS_MOVE = YES;
				CLANG_WARN_UNGUARDED_AVAILABILITY = YES_AGGRESSIVE;
				CLANG_WARN_UNREACHABLE_CODE = YES;
				CLANG_WARN__DUPLICATE_METHOD_MATCH = YES;
				CODE_SIGN_IDENTITY = "iPhone Developer";
				COPY_PHASE_STRIP = NO;
				DEBUG_INFORMATION_FORMAT = dwarf;
				ENABLE_STRICT_OBJC_MSGSEND = YES;
				ENABLE_TESTABILITY = YES;
				GCC_C_LANGUAGE_STANDARD = gnu11;
				GCC_DYNAMIC_NO_PIC = NO;
				GCC_NO_COMMON_BLOCKS = YES;
				GCC_OPTIMIZATION_LEVEL = 0;
				GCC_PREPROCESSOR_DEFINITIONS = (
					"DEBUG=1",
					"$(inherited)",
				);
				GCC_WARN_64_TO_32_BIT_CONVERSION = YES;
				GCC_WARN_ABOUT_RETURN_TYPE = YES_ERROR;
				GCC_WARN_UNDECLARED_SELECTOR = YES;
				GCC_WARN_UNINITIALIZED_AUTOS = YES_AGGRESSIVE;
				GCC_WARN_UNUSED_FUNCTION = YES;
				GCC_WARN_UNUSED_VARIABLE = YES;
				IPHONEOS_DEPLOYMENT_TARGET = 11.2;
				MTL_ENABLE_DEBUG_INFO = YES;
				ONLY_ACTIVE_ARCH = YES;
				SDKROOT = iphoneos;
				SWIFT_ACTIVE_COMPILATION_CONDITIONS = DEBUG;
				SWIFT_OPTIMIZATION_LEVEL = "-Onone";
			};
			name = Debug;
		};
		8BA2A3E2210039B90059A533 /* Release */ = {
			isa = XCBuildConfiguration;
			buildSettings = {
				ALWAYS_SEARCH_USER_PATHS = NO;
				CLANG_ANALYZER_NONNULL = YES;
				CLANG_ANALYZER_NUMBER_OBJECT_CONVERSION = YES_AGGRESSIVE;
				CLANG_CXX_LANGUAGE_STANDARD = "gnu++14";
				CLANG_CXX_LIBRARY = "libc++";
				CLANG_ENABLE_MODULES = YES;
				CLANG_ENABLE_OBJC_ARC = YES;
				CLANG_WARN_BLOCK_CAPTURE_AUTORELEASING = YES;
				CLANG_WARN_BOOL_CONVERSION = YES;
				CLANG_WARN_COMMA = YES;
				CLANG_WARN_CONSTANT_CONVERSION = YES;
				CLANG_WARN_DIRECT_OBJC_ISA_USAGE = YES_ERROR;
				CLANG_WARN_DOCUMENTATION_COMMENTS = YES;
				CLANG_WARN_EMPTY_BODY = YES;
				CLANG_WARN_ENUM_CONVERSION = YES;
				CLANG_WARN_INFINITE_RECURSION = YES;
				CLANG_WARN_INT_CONVERSION = YES;
				CLANG_WARN_NON_LITERAL_NULL_CONVERSION = YES;
				CLANG_WARN_OBJC_LITERAL_CONVERSION = YES;
				CLANG_WARN_OBJC_ROOT_CLASS = YES_ERROR;
				CLANG_WARN_RANGE_LOOP_ANALYSIS = YES;
				CLANG_WARN_STRICT_PROTOTYPES = YES;
				CLANG_WARN_SUSPICIOUS_MOVE = YES;
				CLANG_WARN_UNGUARDED_AVAILABILITY = YES_AGGRESSIVE;
				CLANG_WARN_UNREACHABLE_CODE = YES;
				CLANG_WARN__DUPLICATE_METHOD_MATCH = YES;
				CODE_SIGN_IDENTITY = "iPhone Developer";
				COPY_PHASE_STRIP = NO;
				DEBUG_INFORMATION_FORMAT = "dwarf-with-dsym";
				ENABLE_NS_ASSERTIONS = NO;
				ENABLE_STRICT_OBJC_MSGSEND = YES;
				GCC_C_LANGUAGE_STANDARD = gnu11;
				GCC_NO_COMMON_BLOCKS = YES;
				GCC_WARN_64_TO_32_BIT_CONVERSION = YES;
				GCC_WARN_ABOUT_RETURN_TYPE = YES_ERROR;
				GCC_WARN_UNDECLARED_SELECTOR = YES;
				GCC_WARN_UNINITIALIZED_AUTOS = YES_AGGRESSIVE;
				GCC_WARN_UNUSED_FUNCTION = YES;
				GCC_WARN_UNUSED_VARIABLE = YES;
				IPHONEOS_DEPLOYMENT_TARGET = 11.2;
				MTL_ENABLE_DEBUG_INFO = NO;
				SDKROOT = iphoneos;
				SWIFT_OPTIMIZATION_LEVEL = "-Owholemodule";
				VALIDATE_PRODUCT = YES;
			};
			name = Release;
		};
		8BA2A3E4210039B90059A533 /* Debug */ = {
			isa = XCBuildConfiguration;
			baseConfigurationReference = 4A022B25DF4A3963D6628C6D /* Pods-SwiftDemo.debug.xcconfig */;
			buildSettings = {
				ASSETCATALOG_COMPILER_APPICON_NAME = AppIcon;
				CODE_SIGN_STYLE = Automatic;
				INFOPLIST_FILE = SwiftDemo/Info.plist;
				IPHONEOS_DEPLOYMENT_TARGET = 11.2;
				LD_RUNPATH_SEARCH_PATHS = "$(inherited) @executable_path/Frameworks";
				PRODUCT_BUNDLE_IDENTIFIER = com.zxd..SwiftDemo;
				PRODUCT_NAME = "$(TARGET_NAME)";
				SWIFT_VERSION = 4.0;
				TARGETED_DEVICE_FAMILY = "1,2";
			};
			name = Debug;
		};
		8BA2A3E5210039B90059A533 /* Release */ = {
			isa = XCBuildConfiguration;
			baseConfigurationReference = 81F6DFD368BC0176906C30F5 /* Pods-SwiftDemo.release.xcconfig */;
			buildSettings = {
				ASSETCATALOG_COMPILER_APPICON_NAME = AppIcon;
				CODE_SIGN_STYLE = Automatic;
				INFOPLIST_FILE = SwiftDemo/Info.plist;
				IPHONEOS_DEPLOYMENT_TARGET = 11.2;
				LD_RUNPATH_SEARCH_PATHS = "$(inherited) @executable_path/Frameworks";
				PRODUCT_BUNDLE_IDENTIFIER = com.zxd..SwiftDemo;
				PRODUCT_NAME = "$(TARGET_NAME)";
				SWIFT_VERSION = 4.0;
				TARGETED_DEVICE_FAMILY = "1,2";
			};
			name = Release;
		};
		8BA2A3E7210039B90059A533 /* Debug */ = {
			isa = XCBuildConfiguration;
			baseConfigurationReference = 89233CAC69CB7C9A8B2D9804 /* Pods-SwiftDemoTests.debug.xcconfig */;
			buildSettings = {
				ALWAYS_EMBED_SWIFT_STANDARD_LIBRARIES = YES;
				BUNDLE_LOADER = "$(TEST_HOST)";
				CODE_SIGN_STYLE = Automatic;
				INFOPLIST_FILE = SwiftDemoTests/Info.plist;
				LD_RUNPATH_SEARCH_PATHS = "$(inherited) @executable_path/Frameworks @loader_path/Frameworks";
				PRODUCT_BUNDLE_IDENTIFIER = com.zxd..SwiftDemoTests;
				PRODUCT_NAME = "$(TARGET_NAME)";
				SWIFT_VERSION = 4.0;
				TARGETED_DEVICE_FAMILY = "1,2";
				TEST_HOST = "$(BUILT_PRODUCTS_DIR)/SwiftDemo.app/SwiftDemo";
			};
			name = Debug;
		};
		8BA2A3E8210039B90059A533 /* Release */ = {
			isa = XCBuildConfiguration;
			baseConfigurationReference = 0DAFB12E68057B1AB9DF74D5 /* Pods-SwiftDemoTests.release.xcconfig */;
			buildSettings = {
				ALWAYS_EMBED_SWIFT_STANDARD_LIBRARIES = YES;
				BUNDLE_LOADER = "$(TEST_HOST)";
				CODE_SIGN_STYLE = Automatic;
				INFOPLIST_FILE = SwiftDemoTests/Info.plist;
				LD_RUNPATH_SEARCH_PATHS = "$(inherited) @executable_path/Frameworks @loader_path/Frameworks";
				PRODUCT_BUNDLE_IDENTIFIER = com.zxd..SwiftDemoTests;
				PRODUCT_NAME = "$(TARGET_NAME)";
				SWIFT_VERSION = 4.0;
				TARGETED_DEVICE_FAMILY = "1,2";
				TEST_HOST = "$(BUILT_PRODUCTS_DIR)/SwiftDemo.app/SwiftDemo";
			};
			name = Release;
		};
		8BA2A3EA210039B90059A533 /* Debug */ = {
			isa = XCBuildConfiguration;
			baseConfigurationReference = 06EEF48A2082AE68BE2A2E4A /* Pods-SwiftDemoUITests.debug.xcconfig */;
			buildSettings = {
				ALWAYS_EMBED_SWIFT_STANDARD_LIBRARIES = YES;
				CODE_SIGN_STYLE = Automatic;
				INFOPLIST_FILE = SwiftDemoUITests/Info.plist;
				LD_RUNPATH_SEARCH_PATHS = "$(inherited) @executable_path/Frameworks @loader_path/Frameworks";
				PRODUCT_BUNDLE_IDENTIFIER = com.zxd..SwiftDemoUITests;
				PRODUCT_NAME = "$(TARGET_NAME)";
				SWIFT_VERSION = 4.0;
				TARGETED_DEVICE_FAMILY = "1,2";
				TEST_TARGET_NAME = SwiftDemo;
			};
			name = Debug;
		};
		8BA2A3EB210039B90059A533 /* Release */ = {
			isa = XCBuildConfiguration;
			baseConfigurationReference = 09318A5D9F905F91D3E49449 /* Pods-SwiftDemoUITests.release.xcconfig */;
			buildSettings = {
				ALWAYS_EMBED_SWIFT_STANDARD_LIBRARIES = YES;
				CODE_SIGN_STYLE = Automatic;
				INFOPLIST_FILE = SwiftDemoUITests/Info.plist;
				LD_RUNPATH_SEARCH_PATHS = "$(inherited) @executable_path/Frameworks @loader_path/Frameworks";
				PRODUCT_BUNDLE_IDENTIFIER = com.zxd..SwiftDemoUITests;
				PRODUCT_NAME = "$(TARGET_NAME)";
				SWIFT_VERSION = 4.0;
				TARGETED_DEVICE_FAMILY = "1,2";
				TEST_TARGET_NAME = SwiftDemo;
			};
			name = Release;
		};
/* End XCBuildConfiguration section */

/* Begin XCConfigurationList section */
		8BA2A3B6210039B80059A533 /* Build configuration list for PBXProject "SwiftDemo" */ = {
			isa = XCConfigurationList;
			buildConfigurations = (
				8BA2A3E1210039B90059A533 /* Debug */,
				8BA2A3E2210039B90059A533 /* Release */,
			);
			defaultConfigurationIsVisible = 0;
			defaultConfigurationName = Release;
		};
		8BA2A3E3210039B90059A533 /* Build configuration list for PBXNativeTarget "SwiftDemo" */ = {
			isa = XCConfigurationList;
			buildConfigurations = (
				8BA2A3E4210039B90059A533 /* Debug */,
				8BA2A3E5210039B90059A533 /* Release */,
			);
			defaultConfigurationIsVisible = 0;
			defaultConfigurationName = Release;
		};
		8BA2A3E6210039B90059A533 /* Build configuration list for PBXNativeTarget "SwiftDemoTests" */ = {
			isa = XCConfigurationList;
			buildConfigurations = (
				8BA2A3E7210039B90059A533 /* Debug */,
				8BA2A3E8210039B90059A533 /* Release */,
			);
			defaultConfigurationIsVisible = 0;
			defaultConfigurationName = Release;
		};
		8BA2A3E9210039B90059A533 /* Build configuration list for PBXNativeTarget "SwiftDemoUITests" */ = {
			isa = XCConfigurationList;
			buildConfigurations = (
				8BA2A3EA210039B90059A533 /* Debug */,
				8BA2A3EB210039B90059A533 /* Release */,
			);
			defaultConfigurationIsVisible = 0;
			defaultConfigurationName = Release;
		};
/* End XCConfigurationList section */
	};
	rootObject = 8BA2A3B3210039B80059A533 /* Project object */;
}
